
Microsoft Visual Studio Solution File, Format Version 12.00
# Visual Studio 15
VisualStudioVersion = 15.0.27004.2006
MinimumVisualStudioVersion = 10.0.40219.1
Project("{9A19103F-16F7-4668-BE54-9A1E7A4F7556}") = "DemoForCNTV", "DemoForCNTV\DemoForCNTV.csproj", "{1AACFBAC-03E3-4487-8271-D05ED74758FA}"
EndProject
Global
	GlobalSection(SolutionConfigurationPlatforms) = preSolution
		Debug|Any CPU = Debug|Any CPU
		Release|Any CPU = Release|Any CPU
	EndGlobalSection
	GlobalSection(ProjectConfigurationPlatforms) = postSolution
		{1AACFBAC-03E3-4487-8271-D05ED74758FA}.Debug|Any CPU.ActiveCfg = Debug|Any CPU
		{1AACFBAC-03E3-4487-8271-D05ED74758FA}.Debug|Any CPU.Build.0 = Debug|Any CPU
		{1AACFBAC-03E3-4487-8271-D05ED74758FA}.Release|Any CPU.ActiveCfg = Release|Any CPU
		{1AACFBAC-03E3-4487-8271-D05ED74758FA}.Release|Any CPU.Build.0 = Release|Any CPU
	EndGlobalSection
	GlobalSection(SolutionProperties) = preSolution
		HideSolutionNode = FALSE
	EndGlobalSection
	GlobalSection(ExtensibilityGlobals) = postSolution
		SolutionGuid = {26018717-AA8A-40DF-B751-9167C1B282DC}
	EndGlobalSection
EndGlobal
